// !$*UTF8*$!
{
	archiveVersion = 1;
	classes = {
	};
	objectVersion = 46;
	objects = {

/* Begin PBXBuildFile section */
		0406227918ECABC600FA411C /* DLADriversLicenseViewController.m in Sources */ = {isa = PBXBuildFile; fileRef = 0406227818ECABC600FA411C /* DLADriversLicenseViewController.m */; };
		04295FF218F63396005122CC /* DLANameInputViewController.m in Sources */ = {isa = PBXBuildFile; fileRef = 04295FF118F63396005122CC /* DLANameInputViewController.m */; };
		04295FF518F6673D005122CC /* DLAPhoneInputViewController.m in Sources */ = {isa = PBXBuildFile; fileRef = 04295FF418F6673D005122CC /* DLAPhoneInputViewController.m */; };
		0440F85518FCE3E2002F6E33 /* DLALicenseNumberViewController.m in Sources */ = {isa = PBXBuildFile; fileRef = 0440F85418FCE3E2002F6E33 /* DLALicenseNumberViewController.m */; };
		0440F85818FCE812002F6E33 /* DLAExpirationDateViewController.m in Sources */ = {isa = PBXBuildFile; fileRef = 0440F85718FCE812002F6E33 /* DLAExpirationDateViewController.m */; };
		0440F86118FE313F002F6E33 /* DLAInsuranceCompanyViewController.m in Sources */ = {isa = PBXBuildFile; fileRef = 0440F86018FE313F002F6E33 /* DLAInsuranceCompanyViewController.m */; };
		0440F86418FE3BD5002F6E33 /* DLAInsuranceViewController.m in Sources */ = {isa = PBXBuildFile; fileRef = 0440F86318FE3BD5002F6E33 /* DLAInsuranceViewController.m */; };
		0440F86818FE3C5C002F6E33 /* DLAVehicleViewController.m in Sources */ = {isa = PBXBuildFile; fileRef = 0440F86718FE3C5C002F6E33 /* DLAVehicleViewController.m */; };
		0440F86B18FE3F05002F6E33 /* DLAInsurancePolicyViewController.m in Sources */ = {isa = PBXBuildFile; fileRef = 0440F86A18FE3F05002F6E33 /* DLAInsurancePolicyViewController.m */; };
		0440F86E18FE3F45002F6E33 /* DLAInsurancePhoneViewController.m in Sources */ = {isa = PBXBuildFile; fileRef = 0440F86D18FE3F45002F6E33 /* DLAInsurancePhoneViewController.m */; };
		0440F87118FE3FAF002F6E33 /* DLAVehicleMakeViewController.m in Sources */ = {isa = PBXBuildFile; fileRef = 0440F87018FE3FAF002F6E33 /* DLAVehicleMakeViewController.m */; };
		0440F87418FE4037002F6E33 /* DLAVehicleModelViewController.m in Sources */ = {isa = PBXBuildFile; fileRef = 0440F87318FE4037002F6E33 /* DLAVehicleModelViewController.m */; };
		0440F87718FE4094002F6E33 /* DLAVehicleYearViewController.m in Sources */ = {isa = PBXBuildFile; fileRef = 0440F87618FE4094002F6E33 /* DLAVehicleYearViewController.m */; };
		0440F87A18FE40F6002F6E33 /* DLAVehicleColorViewController.m in Sources */ = {isa = PBXBuildFile; fileRef = 0440F87918FE40F6002F6E33 /* DLAVehicleColorViewController.m */; };
		0440F87D18FE4124002F6E33 /* DLALicensePlateViewController.m in Sources */ = {isa = PBXBuildFile; fileRef = 0440F87C18FE4124002F6E33 /* DLALicensePlateViewController.m */; };
		0440F88719085746002F6E33 /* CSNotificationView.m in Sources */ = {isa = PBXBuildFile; fileRef = 0440F88519085746002F6E33 /* CSNotificationView.m */; };
		0440F88819085746002F6E33 /* CSNotificationView.xcassets in Resources */ = {isa = PBXBuildFile; fileRef = 0440F88619085746002F6E33 /* CSNotificationView.xcassets */; };
		0469CC6318F67A8E008B9691 /* DLAEmailInputViewController.m in Sources */ = {isa = PBXBuildFile; fileRef = 0469CC6218F67A8E008B9691 /* DLAEmailInputViewController.m */; };
		0469CC6718F67E6D008B9691 /* DLAAddressInputViewController.m in Sources */ = {isa = PBXBuildFile; fileRef = 0469CC6618F67E6D008B9691 /* DLAAddressInputViewController.m */; };
		04983ED619199F430050AB79 /* Accident.m in Sources */ = {isa = PBXBuildFile; fileRef = 04983ED519199F430050AB79 /* Accident.m */; };
		04983ED9191AD9CB0050AB79 /* DLAAccidentInputViewController.m in Sources */ = {isa = PBXBuildFile; fileRef = 04983ED8191AD9CB0050AB79 /* DLAAccidentInputViewController.m */; };
		04983EDC191AEF8B0050AB79 /* Driver.m in Sources */ = {isa = PBXBuildFile; fileRef = 04983EDB191AEF8B0050AB79 /* Driver.m */; };
		04BC9B3D18F3377800E1A12D /* DLACoreDataStore.m in Sources */ = {isa = PBXBuildFile; fileRef = 04BC9B3C18F3377800E1A12D /* DLACoreDataStore.m */; };
		04DFE31E18EA063100F8D5B4 /* DLAHomeViewController.m in Sources */ = {isa = PBXBuildFile; fileRef = 04DFE31D18EA063100F8D5B4 /* DLAHomeViewController.m */; };
		299CE7CA18FBB2AA000BF61E /* lock.png in Resources */ = {isa = PBXBuildFile; fileRef = 299CE7C018FBB2AA000BF61E /* lock.png */; };
		299CE7CB18FBB2AA000BF61E /* lock@2x.png in Resources */ = {isa = PBXBuildFile; fileRef = 299CE7C118FBB2AA000BF61E /* lock@2x.png */; };
		299CE7CC18FBB2AA000BF61E /* cone.png in Resources */ = {isa = PBXBuildFile; fileRef = 299CE7C218FBB2AA000BF61E /* cone.png */; };
		299CE7CD18FBB2AA000BF61E /* step1.png in Resources */ = {isa = PBXBuildFile; fileRef = 299CE7C318FBB2AA000BF61E /* step1.png */; };
		299CE7CE18FBB2AA000BF61E /* step2.png in Resources */ = {isa = PBXBuildFile; fileRef = 299CE7C418FBB2AA000BF61E /* step2.png */; };
		299CE7CF18FBB2AA000BF61E /* step3.png in Resources */ = {isa = PBXBuildFile; fileRef = 299CE7C518FBB2AA000BF61E /* step3.png */; };
		299CE7D018FBB2AA000BF61E /* cone@2x.png in Resources */ = {isa = PBXBuildFile; fileRef = 299CE7C618FBB2AA000BF61E /* cone@2x.png */; };
		299CE7D118FBB2AA000BF61E /* step1@2x.png in Resources */ = {isa = PBXBuildFile; fileRef = 299CE7C718FBB2AA000BF61E /* step1@2x.png */; };
		299CE7D218FBB2AA000BF61E /* step2@2x.png in Resources */ = {isa = PBXBuildFile; fileRef = 299CE7C818FBB2AA000BF61E /* step2@2x.png */; };
		299CE7D318FBB2AA000BF61E /* step3@2x.png in Resources */ = {isa = PBXBuildFile; fileRef = 299CE7C918FBB2AA000BF61E /* step3@2x.png */; };
		299CE7D718FBBB08000BF61E /* yogi@2x.png in Resources */ = {isa = PBXBuildFile; fileRef = 299CE7D518FBBB08000BF61E /* yogi@2x.png */; };
		299CE7D918FBBB53000BF61E /* yogi.png in Resources */ = {isa = PBXBuildFile; fileRef = 299CE7D818FBBB53000BF61E /* yogi.png */; };
		299CE7DC18FBCBAA000BF61E /* map.png in Resources */ = {isa = PBXBuildFile; fileRef = 299CE7DA18FBCBAA000BF61E /* map.png */; };
		299CE7DD18FBCBAA000BF61E /* map@2x.png in Resources */ = {isa = PBXBuildFile; fileRef = 299CE7DB18FBCBAA000BF61E /* map@2x.png */; };
		299CE7E018FBCFB1000BF61E /* lines.png in Resources */ = {isa = PBXBuildFile; fileRef = 299CE7DE18FBCFB1000BF61E /* lines.png */; };
		299CE7E118FBCFB1000BF61E /* lines@2x.png in Resources */ = {isa = PBXBuildFile; fileRef = 299CE7DF18FBCFB1000BF61E /* lines@2x.png */; };
		D90DAFB218FF15F600EEC52A /* DLAAccidentFlowViewController.m in Sources */ = {isa = PBXBuildFile; fileRef = D90DAFB118FF15F600EEC52A /* DLAAccidentFlowViewController.m */; };
		D9E870BC18E9F85A00CF64F7 /* Foundation.framework in Frameworks */ = {isa = PBXBuildFile; fileRef = D9E870BB18E9F85A00CF64F7 /* Foundation.framework */; };
		D9E870BE18E9F85A00CF64F7 /* CoreGraphics.framework in Frameworks */ = {isa = PBXBuildFile; fileRef = D9E870BD18E9F85A00CF64F7 /* CoreGraphics.framework */; };
		D9E870C018E9F85A00CF64F7 /* UIKit.framework in Frameworks */ = {isa = PBXBuildFile; fileRef = D9E870BF18E9F85A00CF64F7 /* UIKit.framework */; };
		D9E870C218E9F85A00CF64F7 /* CoreData.framework in Frameworks */ = {isa = PBXBuildFile; fileRef = D9E870C118E9F85A00CF64F7 /* CoreData.framework */; };
		D9E870C818E9F85B00CF64F7 /* InfoPlist.strings in Resources */ = {isa = PBXBuildFile; fileRef = D9E870C618E9F85B00CF64F7 /* InfoPlist.strings */; };
		D9E870CA18E9F85B00CF64F7 /* main.m in Sources */ = {isa = PBXBuildFile; fileRef = D9E870C918E9F85B00CF64F7 /* main.m */; };
		D9E870CE18E9F85B00CF64F7 /* DLAAppDelegate.m in Sources */ = {isa = PBXBuildFile; fileRef = D9E870CD18E9F85B00CF64F7 /* DLAAppDelegate.m */; };
		D9E870D118E9F85B00CF64F7 /* DriveLA.xcdatamodeld in Sources */ = {isa = PBXBuildFile; fileRef = D9E870CF18E9F85B00CF64F7 /* DriveLA.xcdatamodeld */; };
		D9E870D318E9F85B00CF64F7 /* Images.xcassets in Resources */ = {isa = PBXBuildFile; fileRef = D9E870D218E9F85B00CF64F7 /* Images.xcassets */; };
		D9E870DA18E9F85B00CF64F7 /* XCTest.framework in Frameworks */ = {isa = PBXBuildFile; fileRef = D9E870D918E9F85B00CF64F7 /* XCTest.framework */; };
		D9E870DB18E9F85B00CF64F7 /* Foundation.framework in Frameworks */ = {isa = PBXBuildFile; fileRef = D9E870BB18E9F85A00CF64F7 /* Foundation.framework */; };
		D9E870DC18E9F85B00CF64F7 /* UIKit.framework in Frameworks */ = {isa = PBXBuildFile; fileRef = D9E870BF18E9F85A00CF64F7 /* UIKit.framework */; };
		D9E870DD18E9F85B00CF64F7 /* CoreData.framework in Frameworks */ = {isa = PBXBuildFile; fileRef = D9E870C118E9F85A00CF64F7 /* CoreData.framework */; };
		D9E870E518E9F85B00CF64F7 /* InfoPlist.strings in Resources */ = {isa = PBXBuildFile; fileRef = D9E870E318E9F85B00CF64F7 /* InfoPlist.strings */; };
		D9E870E718E9F85B00CF64F7 /* DriveLATests.m in Sources */ = {isa = PBXBuildFile; fileRef = D9E870E618E9F85B00CF64F7 /* DriveLATests.m */; };
		D9E870F118E9FBD400CF64F7 /* Main.storyboard in Resources */ = {isa = PBXBuildFile; fileRef = D9E870F018E9FBD400CF64F7 /* Main.storyboard */; };
/* End PBXBuildFile section */

/* Begin PBXContainerItemProxy section */
		D9E870DE18E9F85B00CF64F7 /* PBXContainerItemProxy */ = {
			isa = PBXContainerItemProxy;
			containerPortal = D9E870B018E9F85A00CF64F7 /* Project object */;
			proxyType = 1;
			remoteGlobalIDString = D9E870B718E9F85A00CF64F7;
			remoteInfo = DriveLA;
		};
/* End PBXContainerItemProxy section */

/* Begin PBXFileReference section */
		0406227718ECABC600FA411C /* DLADriversLicenseViewController.h */ = {isa = PBXFileReference; fileEncoding = 4; lastKnownFileType = sourcecode.c.h; path = DLADriversLicenseViewController.h; sourceTree = "<group>"; };
		0406227818ECABC600FA411C /* DLADriversLicenseViewController.m */ = {isa = PBXFileReference; fileEncoding = 4; lastKnownFileType = sourcecode.c.objc; path = DLADriversLicenseViewController.m; sourceTree = "<group>"; };
		04295FE918F5E1F7005122CC /* DriveLA 3.xcdatamodel */ = {isa = PBXFileReference; lastKnownFileType = wrapper.xcdatamodel; path = "DriveLA 3.xcdatamodel"; sourceTree = "<group>"; };
		04295FF018F63396005122CC /* DLANameInputViewController.h */ = {isa = PBXFileReference; fileEncoding = 4; lastKnownFileType = sourcecode.c.h; path = DLANameInputViewController.h; sourceTree = "<group>"; };
		04295FF118F63396005122CC /* DLANameInputViewController.m */ = {isa = PBXFileReference; fileEncoding = 4; lastKnownFileType = sourcecode.c.objc; path = DLANameInputViewController.m; sourceTree = "<group>"; };
		04295FF318F6673D005122CC /* DLAPhoneInputViewController.h */ = {isa = PBXFileReference; fileEncoding = 4; lastKnownFileType = sourcecode.c.h; path = DLAPhoneInputViewController.h; sourceTree = "<group>"; };
		04295FF418F6673D005122CC /* DLAPhoneInputViewController.m */ = {isa = PBXFileReference; fileEncoding = 4; lastKnownFileType = sourcecode.c.objc; path = DLAPhoneInputViewController.m; sourceTree = "<group>"; };
		04295FF918F66BF5005122CC /* DriveLA 4.xcdatamodel */ = {isa = PBXFileReference; lastKnownFileType = wrapper.xcdatamodel; path = "DriveLA 4.xcdatamodel"; sourceTree = "<group>"; };
		0440F85318FCE3E2002F6E33 /* DLALicenseNumberViewController.h */ = {isa = PBXFileReference; fileEncoding = 4; lastKnownFileType = sourcecode.c.h; path = DLALicenseNumberViewController.h; sourceTree = "<group>"; };
		0440F85418FCE3E2002F6E33 /* DLALicenseNumberViewController.m */ = {isa = PBXFileReference; fileEncoding = 4; lastKnownFileType = sourcecode.c.objc; path = DLALicenseNumberViewController.m; sourceTree = "<group>"; };
		0440F85618FCE812002F6E33 /* DLAExpirationDateViewController.h */ = {isa = PBXFileReference; fileEncoding = 4; lastKnownFileType = sourcecode.c.h; path = DLAExpirationDateViewController.h; sourceTree = "<group>"; };
		0440F85718FCE812002F6E33 /* DLAExpirationDateViewController.m */ = {isa = PBXFileReference; fileEncoding = 4; lastKnownFileType = sourcecode.c.objc; path = DLAExpirationDateViewController.m; sourceTree = "<group>"; };
		0440F85F18FE313F002F6E33 /* DLAInsuranceCompanyViewController.h */ = {isa = PBXFileReference; fileEncoding = 4; lastKnownFileType = sourcecode.c.h; path = DLAInsuranceCompanyViewController.h; sourceTree = "<group>"; };
		0440F86018FE313F002F6E33 /* DLAInsuranceCompanyViewController.m */ = {isa = PBXFileReference; fileEncoding = 4; lastKnownFileType = sourcecode.c.objc; path = DLAInsuranceCompanyViewController.m; sourceTree = "<group>"; };
		0440F86218FE3BD5002F6E33 /* DLAInsuranceViewController.h */ = {isa = PBXFileReference; fileEncoding = 4; lastKnownFileType = sourcecode.c.h; path = DLAInsuranceViewController.h; sourceTree = "<group>"; };
		0440F86318FE3BD5002F6E33 /* DLAInsuranceViewController.m */ = {isa = PBXFileReference; fileEncoding = 4; lastKnownFileType = sourcecode.c.objc; path = DLAInsuranceViewController.m; sourceTree = "<group>"; };
		0440F86618FE3C5C002F6E33 /* DLAVehicleViewController.h */ = {isa = PBXFileReference; fileEncoding = 4; lastKnownFileType = sourcecode.c.h; path = DLAVehicleViewController.h; sourceTree = "<group>"; };
		0440F86718FE3C5C002F6E33 /* DLAVehicleViewController.m */ = {isa = PBXFileReference; fileEncoding = 4; lastKnownFileType = sourcecode.c.objc; path = DLAVehicleViewController.m; sourceTree = "<group>"; };
		0440F86918FE3F05002F6E33 /* DLAInsurancePolicyViewController.h */ = {isa = PBXFileReference; fileEncoding = 4; lastKnownFileType = sourcecode.c.h; path = DLAInsurancePolicyViewController.h; sourceTree = "<group>"; };
		0440F86A18FE3F05002F6E33 /* DLAInsurancePolicyViewController.m */ = {isa = PBXFileReference; fileEncoding = 4; lastKnownFileType = sourcecode.c.objc; path = DLAInsurancePolicyViewController.m; sourceTree = "<group>"; };
		0440F86C18FE3F45002F6E33 /* DLAInsurancePhoneViewController.h */ = {isa = PBXFileReference; fileEncoding = 4; lastKnownFileType = sourcecode.c.h; path = DLAInsurancePhoneViewController.h; sourceTree = "<group>"; };
		0440F86D18FE3F45002F6E33 /* DLAInsurancePhoneViewController.m */ = {isa = PBXFileReference; fileEncoding = 4; lastKnownFileType = sourcecode.c.objc; path = DLAInsurancePhoneViewController.m; sourceTree = "<group>"; };
		0440F86F18FE3FAF002F6E33 /* DLAVehicleMakeViewController.h */ = {isa = PBXFileReference; fileEncoding = 4; lastKnownFileType = sourcecode.c.h; path = DLAVehicleMakeViewController.h; sourceTree = "<group>"; };
		0440F87018FE3FAF002F6E33 /* DLAVehicleMakeViewController.m */ = {isa = PBXFileReference; fileEncoding = 4; lastKnownFileType = sourcecode.c.objc; path = DLAVehicleMakeViewController.m; sourceTree = "<group>"; };
		0440F87218FE4037002F6E33 /* DLAVehicleModelViewController.h */ = {isa = PBXFileReference; fileEncoding = 4; lastKnownFileType = sourcecode.c.h; path = DLAVehicleModelViewController.h; sourceTree = "<group>"; };
		0440F87318FE4037002F6E33 /* DLAVehicleModelViewController.m */ = {isa = PBXFileReference; fileEncoding = 4; lastKnownFileType = sourcecode.c.objc; path = DLAVehicleModelViewController.m; sourceTree = "<group>"; };
		0440F87518FE4094002F6E33 /* DLAVehicleYearViewController.h */ = {isa = PBXFileReference; fileEncoding = 4; lastKnownFileType = sourcecode.c.h; path = DLAVehicleYearViewController.h; sourceTree = "<group>"; };
		0440F87618FE4094002F6E33 /* DLAVehicleYearViewController.m */ = {isa = PBXFileReference; fileEncoding = 4; lastKnownFileType = sourcecode.c.objc; path = DLAVehicleYearViewController.m; sourceTree = "<group>"; };
		0440F87818FE40F6002F6E33 /* DLAVehicleColorViewController.h */ = {isa = PBXFileReference; fileEncoding = 4; lastKnownFileType = sourcecode.c.h; path = DLAVehicleColorViewController.h; sourceTree = "<group>"; };
		0440F87918FE40F6002F6E33 /* DLAVehicleColorViewController.m */ = {isa = PBXFileReference; fileEncoding = 4; lastKnownFileType = sourcecode.c.objc; path = DLAVehicleColorViewController.m; sourceTree = "<group>"; };
		0440F87B18FE4124002F6E33 /* DLALicensePlateViewController.h */ = {isa = PBXFileReference; fileEncoding = 4; lastKnownFileType = sourcecode.c.h; path = DLALicensePlateViewController.h; sourceTree = "<group>"; };
		0440F87C18FE4124002F6E33 /* DLALicensePlateViewController.m */ = {isa = PBXFileReference; fileEncoding = 4; lastKnownFileType = sourcecode.c.objc; path = DLALicensePlateViewController.m; sourceTree = "<group>"; };
		0440F88419085746002F6E33 /* CSNotificationView.h */ = {isa = PBXFileReference; fileEncoding = 4; lastKnownFileType = sourcecode.c.h; path = CSNotificationView.h; sourceTree = "<group>"; };
		0440F88519085746002F6E33 /* CSNotificationView.m */ = {isa = PBXFileReference; fileEncoding = 4; lastKnownFileType = sourcecode.c.objc; path = CSNotificationView.m; sourceTree = "<group>"; };
		0440F88619085746002F6E33 /* CSNotificationView.xcassets */ = {isa = PBXFileReference; lastKnownFileType = folder.assetcatalog; path = CSNotificationView.xcassets; sourceTree = "<group>"; };
		0469CC5A18F67844008B9691 /* DriveLA 5.xcdatamodel */ = {isa = PBXFileReference; lastKnownFileType = wrapper.xcdatamodel; path = "DriveLA 5.xcdatamodel"; sourceTree = "<group>"; };
		0469CC6118F67A8E008B9691 /* DLAEmailInputViewController.h */ = {isa = PBXFileReference; fileEncoding = 4; lastKnownFileType = sourcecode.c.h; path = DLAEmailInputViewController.h; sourceTree = "<group>"; };
		0469CC6218F67A8E008B9691 /* DLAEmailInputViewController.m */ = {isa = PBXFileReference; fileEncoding = 4; lastKnownFileType = sourcecode.c.objc; path = DLAEmailInputViewController.m; sourceTree = "<group>"; };
		0469CC6518F67E6D008B9691 /* DLAAddressInputViewController.h */ = {isa = PBXFileReference; fileEncoding = 4; lastKnownFileType = sourcecode.c.h; path = DLAAddressInputViewController.h; sourceTree = "<group>"; };
		0469CC6618F67E6D008B9691 /* DLAAddressInputViewController.m */ = {isa = PBXFileReference; fileEncoding = 4; lastKnownFileType = sourcecode.c.objc; path = DLAAddressInputViewController.m; sourceTree = "<group>"; };
		04983ED419199F430050AB79 /* Accident.h */ = {isa = PBXFileReference; fileEncoding = 4; lastKnownFileType = sourcecode.c.h; path = Accident.h; sourceTree = "<group>"; };
		04983ED519199F430050AB79 /* Accident.m */ = {isa = PBXFileReference; fileEncoding = 4; lastKnownFileType = sourcecode.c.objc; path = Accident.m; sourceTree = "<group>"; };
		04983ED7191AD9CB0050AB79 /* DLAAccidentInputViewController.h */ = {isa = PBXFileReference; fileEncoding = 4; lastKnownFileType = sourcecode.c.h; path = DLAAccidentInputViewController.h; sourceTree = "<group>"; };
		04983ED8191AD9CB0050AB79 /* DLAAccidentInputViewController.m */ = {isa = PBXFileReference; fileEncoding = 4; lastKnownFileType = sourcecode.c.objc; path = DLAAccidentInputViewController.m; sourceTree = "<group>"; };
		04983EDA191AEF8B0050AB79 /* Driver.h */ = {isa = PBXFileReference; fileEncoding = 4; lastKnownFileType = sourcecode.c.h; path = Driver.h; sourceTree = "<group>"; };
		04983EDB191AEF8B0050AB79 /* Driver.m */ = {isa = PBXFileReference; fileEncoding = 4; lastKnownFileType = sourcecode.c.objc; path = Driver.m; sourceTree = "<group>"; };
		04BC9B3B18F3377800E1A12D /* DLACoreDataStore.h */ = {isa = PBXFileReference; fileEncoding = 4; lastKnownFileType = sourcecode.c.h; path = DLACoreDataStore.h; sourceTree = "<group>"; };
		04BC9B3C18F3377800E1A12D /* DLACoreDataStore.m */ = {isa = PBXFileReference; fileEncoding = 4; lastKnownFileType = sourcecode.c.objc; path = DLACoreDataStore.m; sourceTree = "<group>"; };
		04BC9B3E18F33FB100E1A12D /* DriveLA 2.xcdatamodel */ = {isa = PBXFileReference; lastKnownFileType = wrapper.xcdatamodel; path = "DriveLA 2.xcdatamodel"; sourceTree = "<group>"; };
		04D7E6AC18F931EE00A6781E /* DriveLA 6.xcdatamodel */ = {isa = PBXFileReference; lastKnownFileType = wrapper.xcdatamodel; path = "DriveLA 6.xcdatamodel"; sourceTree = "<group>"; };
		04DFE31C18EA063100F8D5B4 /* DLAHomeViewController.h */ = {isa = PBXFileReference; fileEncoding = 4; lastKnownFileType = sourcecode.c.h; path = DLAHomeViewController.h; sourceTree = "<group>"; };
		04DFE31D18EA063100F8D5B4 /* DLAHomeViewController.m */ = {isa = PBXFileReference; fileEncoding = 4; lastKnownFileType = sourcecode.c.objc; path = DLAHomeViewController.m; sourceTree = "<group>"; };
		299CE7C018FBB2AA000BF61E /* lock.png */ = {isa = PBXFileReference; lastKnownFileType = image.png; path = lock.png; sourceTree = "<group>"; };
		299CE7C118FBB2AA000BF61E /* lock@2x.png */ = {isa = PBXFileReference; lastKnownFileType = image.png; path = "lock@2x.png"; sourceTree = "<group>"; };
		299CE7C218FBB2AA000BF61E /* cone.png */ = {isa = PBXFileReference; lastKnownFileType = image.png; path = cone.png; sourceTree = "<group>"; };
		299CE7C318FBB2AA000BF61E /* step1.png */ = {isa = PBXFileReference; lastKnownFileType = image.png; path = step1.png; sourceTree = "<group>"; };
		299CE7C418FBB2AA000BF61E /* step2.png */ = {isa = PBXFileReference; lastKnownFileType = image.png; path = step2.png; sourceTree = "<group>"; };
		299CE7C518FBB2AA000BF61E /* step3.png */ = {isa = PBXFileReference; lastKnownFileType = image.png; path = step3.png; sourceTree = "<group>"; };
		299CE7C618FBB2AA000BF61E /* cone@2x.png */ = {isa = PBXFileReference; lastKnownFileType = image.png; path = "cone@2x.png"; sourceTree = "<group>"; };
		299CE7C718FBB2AA000BF61E /* step1@2x.png */ = {isa = PBXFileReference; lastKnownFileType = image.png; path = "step1@2x.png"; sourceTree = "<group>"; };
		299CE7C818FBB2AA000BF61E /* step2@2x.png */ = {isa = PBXFileReference; lastKnownFileType = image.png; path = "step2@2x.png"; sourceTree = "<group>"; };
		299CE7C918FBB2AA000BF61E /* step3@2x.png */ = {isa = PBXFileReference; lastKnownFileType = image.png; path = "step3@2x.png"; sourceTree = "<group>"; };
		299CE7D518FBBB08000BF61E /* yogi@2x.png */ = {isa = PBXFileReference; lastKnownFileType = image.png; path = "yogi@2x.png"; sourceTree = "<group>"; };
		299CE7D818FBBB53000BF61E /* yogi.png */ = {isa = PBXFileReference; lastKnownFileType = image.png; path = yogi.png; sourceTree = "<group>"; };
		299CE7DA18FBCBAA000BF61E /* map.png */ = {isa = PBXFileReference; lastKnownFileType = image.png; path = map.png; sourceTree = "<group>"; };
		299CE7DB18FBCBAA000BF61E /* map@2x.png */ = {isa = PBXFileReference; lastKnownFileType = image.png; path = "map@2x.png"; sourceTree = "<group>"; };
		299CE7DE18FBCFB1000BF61E /* lines.png */ = {isa = PBXFileReference; lastKnownFileType = image.png; path = lines.png; sourceTree = "<group>"; };
		299CE7DF18FBCFB1000BF61E /* lines@2x.png */ = {isa = PBXFileReference; lastKnownFileType = image.png; path = "lines@2x.png"; sourceTree = "<group>"; };
		D90DAFB018FF15F600EEC52A /* DLAAccidentFlowViewController.h */ = {isa = PBXFileReference; fileEncoding = 4; lastKnownFileType = sourcecode.c.h; path = DLAAccidentFlowViewController.h; sourceTree = "<group>"; };
		D90DAFB118FF15F600EEC52A /* DLAAccidentFlowViewController.m */ = {isa = PBXFileReference; fileEncoding = 4; lastKnownFileType = sourcecode.c.objc; path = DLAAccidentFlowViewController.m; sourceTree = "<group>"; };
		D9E870B818E9F85A00CF64F7 /* DriveLA.app */ = {isa = PBXFileReference; explicitFileType = wrapper.application; includeInIndex = 0; path = DriveLA.app; sourceTree = BUILT_PRODUCTS_DIR; };
		D9E870BB18E9F85A00CF64F7 /* Foundation.framework */ = {isa = PBXFileReference; lastKnownFileType = wrapper.framework; name = Foundation.framework; path = System/Library/Frameworks/Foundation.framework; sourceTree = SDKROOT; };
		D9E870BD18E9F85A00CF64F7 /* CoreGraphics.framework */ = {isa = PBXFileReference; lastKnownFileType = wrapper.framework; name = CoreGraphics.framework; path = System/Library/Frameworks/CoreGraphics.framework; sourceTree = SDKROOT; };
		D9E870BF18E9F85A00CF64F7 /* UIKit.framework */ = {isa = PBXFileReference; lastKnownFileType = wrapper.framework; name = UIKit.framework; path = System/Library/Frameworks/UIKit.framework; sourceTree = SDKROOT; };
		D9E870C118E9F85A00CF64F7 /* CoreData.framework */ = {isa = PBXFileReference; lastKnownFileType = wrapper.framework; name = CoreData.framework; path = System/Library/Frameworks/CoreData.framework; sourceTree = SDKROOT; };
		D9E870C518E9F85B00CF64F7 /* DriveLA-Info.plist */ = {isa = PBXFileReference; lastKnownFileType = text.plist.xml; path = "DriveLA-Info.plist"; sourceTree = "<group>"; };
		D9E870C718E9F85B00CF64F7 /* en */ = {isa = PBXFileReference; lastKnownFileType = text.plist.strings; name = en; path = en.lproj/InfoPlist.strings; sourceTree = "<group>"; };
		D9E870C918E9F85B00CF64F7 /* main.m */ = {isa = PBXFileReference; lastKnownFileType = sourcecode.c.objc; path = main.m; sourceTree = "<group>"; };
		D9E870CB18E9F85B00CF64F7 /* DriveLA-Prefix.pch */ = {isa = PBXFileReference; lastKnownFileType = sourcecode.c.h; path = "DriveLA-Prefix.pch"; sourceTree = "<group>"; };
		D9E870CC18E9F85B00CF64F7 /* DLAAppDelegate.h */ = {isa = PBXFileReference; lastKnownFileType = sourcecode.c.h; path = DLAAppDelegate.h; sourceTree = "<group>"; };
		D9E870CD18E9F85B00CF64F7 /* DLAAppDelegate.m */ = {isa = PBXFileReference; lastKnownFileType = sourcecode.c.objc; path = DLAAppDelegate.m; sourceTree = "<group>"; };
		D9E870D018E9F85B00CF64F7 /* DriveLA.xcdatamodel */ = {isa = PBXFileReference; lastKnownFileType = wrapper.xcdatamodel; path = DriveLA.xcdatamodel; sourceTree = "<group>"; };
		D9E870D218E9F85B00CF64F7 /* Images.xcassets */ = {isa = PBXFileReference; lastKnownFileType = folder.assetcatalog; path = Images.xcassets; sourceTree = "<group>"; };
		D9E870D818E9F85B00CF64F7 /* DriveLATests.xctest */ = {isa = PBXFileReference; explicitFileType = wrapper.cfbundle; includeInIndex = 0; path = DriveLATests.xctest; sourceTree = BUILT_PRODUCTS_DIR; };
		D9E870D918E9F85B00CF64F7 /* XCTest.framework */ = {isa = PBXFileReference; lastKnownFileType = wrapper.framework; name = XCTest.framework; path = Library/Frameworks/XCTest.framework; sourceTree = DEVELOPER_DIR; };
		D9E870E218E9F85B00CF64F7 /* DriveLATests-Info.plist */ = {isa = PBXFileReference; lastKnownFileType = text.plist.xml; path = "DriveLATests-Info.plist"; sourceTree = "<group>"; };
		D9E870E418E9F85B00CF64F7 /* en */ = {isa = PBXFileReference; lastKnownFileType = text.plist.strings; name = en; path = en.lproj/InfoPlist.strings; sourceTree = "<group>"; };
		D9E870E618E9F85B00CF64F7 /* DriveLATests.m */ = {isa = PBXFileReference; lastKnownFileType = sourcecode.c.objc; path = DriveLATests.m; sourceTree = "<group>"; };
		D9E870F018E9FBD400CF64F7 /* Main.storyboard */ = {isa = PBXFileReference; fileEncoding = 4; lastKnownFileType = file.storyboard; name = Main.storyboard; path = ../Main.storyboard; sourceTree = "<group>"; };
/* End PBXFileReference section */

/* Begin PBXFrameworksBuildPhase section */
		D9E870B518E9F85A00CF64F7 /* Frameworks */ = {
			isa = PBXFrameworksBuildPhase;
			buildActionMask = 2147483647;
			files = (
				D9E870BE18E9F85A00CF64F7 /* CoreGraphics.framework in Frameworks */,
				D9E870C218E9F85A00CF64F7 /* CoreData.framework in Frameworks */,
				D9E870C018E9F85A00CF64F7 /* UIKit.framework in Frameworks */,
				D9E870BC18E9F85A00CF64F7 /* Foundation.framework in Frameworks */,
			);
			runOnlyForDeploymentPostprocessing = 0;
		};
		D9E870D518E9F85B00CF64F7 /* Frameworks */ = {
			isa = PBXFrameworksBuildPhase;
			buildActionMask = 2147483647;
			files = (
				D9E870DA18E9F85B00CF64F7 /* XCTest.framework in Frameworks */,
				D9E870DD18E9F85B00CF64F7 /* CoreData.framework in Frameworks */,
				D9E870DC18E9F85B00CF64F7 /* UIKit.framework in Frameworks */,
				D9E870DB18E9F85B00CF64F7 /* Foundation.framework in Frameworks */,
			);
			runOnlyForDeploymentPostprocessing = 0;
		};
/* End PBXFrameworksBuildPhase section */

/* Begin PBXGroup section */
		0440F85C18FE301A002F6E33 /* Insurance */ = {
			isa = PBXGroup;
			children = (
				0440F86218FE3BD5002F6E33 /* DLAInsuranceViewController.h */,
				0440F86318FE3BD5002F6E33 /* DLAInsuranceViewController.m */,
				0440F85F18FE313F002F6E33 /* DLAInsuranceCompanyViewController.h */,
				0440F86018FE313F002F6E33 /* DLAInsuranceCompanyViewController.m */,
				0440F86918FE3F05002F6E33 /* DLAInsurancePolicyViewController.h */,
				0440F86A18FE3F05002F6E33 /* DLAInsurancePolicyViewController.m */,
				0440F86C18FE3F45002F6E33 /* DLAInsurancePhoneViewController.h */,
				0440F86D18FE3F45002F6E33 /* DLAInsurancePhoneViewController.m */,
			);
			name = Insurance;
			sourceTree = "<group>";
		};
		0440F86518FE3C3F002F6E33 /* Vehicle */ = {
			isa = PBXGroup;
			children = (
				0440F86618FE3C5C002F6E33 /* DLAVehicleViewController.h */,
				0440F86718FE3C5C002F6E33 /* DLAVehicleViewController.m */,
				0440F86F18FE3FAF002F6E33 /* DLAVehicleMakeViewController.h */,
				0440F87018FE3FAF002F6E33 /* DLAVehicleMakeViewController.m */,
				0440F87218FE4037002F6E33 /* DLAVehicleModelViewController.h */,
				0440F87318FE4037002F6E33 /* DLAVehicleModelViewController.m */,
				0440F87518FE4094002F6E33 /* DLAVehicleYearViewController.h */,
				0440F87618FE4094002F6E33 /* DLAVehicleYearViewController.m */,
				0440F87818FE40F6002F6E33 /* DLAVehicleColorViewController.h */,
				0440F87918FE40F6002F6E33 /* DLAVehicleColorViewController.m */,
				0440F87B18FE4124002F6E33 /* DLALicensePlateViewController.h */,
				0440F87C18FE4124002F6E33 /* DLALicensePlateViewController.m */,
			);
			name = Vehicle;
			sourceTree = "<group>";
		};
		0440F87E19084EB5002F6E33 /* Resources */ = {
			isa = PBXGroup;
			children = (
				0440F88319085746002F6E33 /* CSNotificationView */,
			);
			name = Resources;
			sourceTree = "<group>";
		};
		0440F88319085746002F6E33 /* CSNotificationView */ = {
			isa = PBXGroup;
			children = (
				0440F88419085746002F6E33 /* CSNotificationView.h */,
				0440F88519085746002F6E33 /* CSNotificationView.m */,
				0440F88619085746002F6E33 /* CSNotificationView.xcassets */,
			);
			path = CSNotificationView;
			sourceTree = "<group>";
		};
		0469CC6418F67E01008B9691 /* DriversLicense */ = {
			isa = PBXGroup;
			children = (
				0406227718ECABC600FA411C /* DLADriversLicenseViewController.h */,
				0406227818ECABC600FA411C /* DLADriversLicenseViewController.m */,
				04295FF018F63396005122CC /* DLANameInputViewController.h */,
				04295FF118F63396005122CC /* DLANameInputViewController.m */,
				04295FF318F6673D005122CC /* DLAPhoneInputViewController.h */,
				04295FF418F6673D005122CC /* DLAPhoneInputViewController.m */,
				0469CC6118F67A8E008B9691 /* DLAEmailInputViewController.h */,
				0469CC6218F67A8E008B9691 /* DLAEmailInputViewController.m */,
				0469CC6518F67E6D008B9691 /* DLAAddressInputViewController.h */,
				0469CC6618F67E6D008B9691 /* DLAAddressInputViewController.m */,
				0440F85318FCE3E2002F6E33 /* DLALicenseNumberViewController.h */,
				0440F85418FCE3E2002F6E33 /* DLALicenseNumberViewController.m */,
				0440F85618FCE812002F6E33 /* DLAExpirationDateViewController.h */,
				0440F85718FCE812002F6E33 /* DLAExpirationDateViewController.m */,
			);
			name = DriversLicense;
			sourceTree = "<group>";
		};
		04983ED319199F1B0050AB79 /* Models */ = {
			isa = PBXGroup;
			children = (
				04983ED419199F430050AB79 /* Accident.h */,
				04983ED519199F430050AB79 /* Accident.m */,
			);
			name = Models;
			sourceTree = "<group>";
		};
		04DFE31B18E9FE7000F8D5B4 /* Controllers */ = {
			isa = PBXGroup;
			children = (
				04983ED7191AD9CB0050AB79 /* DLAAccidentInputViewController.h */,
				04983ED8191AD9CB0050AB79 /* DLAAccidentInputViewController.m */,
				0440F86518FE3C3F002F6E33 /* Vehicle */,
				0440F85C18FE301A002F6E33 /* Insurance */,
				0469CC6418F67E01008B9691 /* DriversLicense */,
				04DFE31C18EA063100F8D5B4 /* DLAHomeViewController.h */,
				04DFE31D18EA063100F8D5B4 /* DLAHomeViewController.m */,
				D90DAFB018FF15F600EEC52A /* DLAAccidentFlowViewController.h */,
				D90DAFB118FF15F600EEC52A /* DLAAccidentFlowViewController.m */,
			);
			name = Controllers;
			sourceTree = "<group>";
		};
		299CE7BF18FBB298000BF61E /* Images */ = {
			isa = PBXGroup;
			children = (
				299CE7DE18FBCFB1000BF61E /* lines.png */,
				299CE7DF18FBCFB1000BF61E /* lines@2x.png */,
				299CE7DA18FBCBAA000BF61E /* map.png */,
				299CE7DB18FBCBAA000BF61E /* map@2x.png */,
				299CE7D818FBBB53000BF61E /* yogi.png */,
				299CE7D518FBBB08000BF61E /* yogi@2x.png */,
				299CE7C018FBB2AA000BF61E /* lock.png */,
				299CE7C118FBB2AA000BF61E /* lock@2x.png */,
				299CE7C218FBB2AA000BF61E /* cone.png */,
				299CE7C318FBB2AA000BF61E /* step1.png */,
				299CE7C418FBB2AA000BF61E /* step2.png */,
				299CE7C518FBB2AA000BF61E /* step3.png */,
				299CE7C618FBB2AA000BF61E /* cone@2x.png */,
				299CE7C718FBB2AA000BF61E /* step1@2x.png */,
				299CE7C818FBB2AA000BF61E /* step2@2x.png */,
				299CE7C918FBB2AA000BF61E /* step3@2x.png */,
			);
			name = Images;
			sourceTree = "<group>";
		};
		D9E870AF18E9F85A00CF64F7 = {
			isa = PBXGroup;
			children = (
				D9E870C318E9F85A00CF64F7 /* DriveLA */,
				D9E870E018E9F85B00CF64F7 /* DriveLATests */,
				D9E870BA18E9F85A00CF64F7 /* Frameworks */,
				D9E870B918E9F85A00CF64F7 /* Products */,
			);
			sourceTree = "<group>";
		};
		D9E870B918E9F85A00CF64F7 /* Products */ = {
			isa = PBXGroup;
			children = (
				D9E870B818E9F85A00CF64F7 /* DriveLA.app */,
				D9E870D818E9F85B00CF64F7 /* DriveLATests.xctest */,
			);
			name = Products;
			sourceTree = "<group>";
		};
		D9E870BA18E9F85A00CF64F7 /* Frameworks */ = {
			isa = PBXGroup;
			children = (
				D9E870BB18E9F85A00CF64F7 /* Foundation.framework */,
				D9E870BD18E9F85A00CF64F7 /* CoreGraphics.framework */,
				D9E870BF18E9F85A00CF64F7 /* UIKit.framework */,
				D9E870C118E9F85A00CF64F7 /* CoreData.framework */,
				D9E870D918E9F85B00CF64F7 /* XCTest.framework */,
			);
			name = Frameworks;
			sourceTree = "<group>";
		};
		D9E870C318E9F85A00CF64F7 /* DriveLA */ = {
			isa = PBXGroup;
			children = (
				04983ED319199F1B0050AB79 /* Models */,
				299CE7BF18FBB298000BF61E /* Images */,
				04DFE31B18E9FE7000F8D5B4 /* Controllers */,
				D9E870F018E9FBD400CF64F7 /* Main.storyboard */,
				D9E870CC18E9F85B00CF64F7 /* DLAAppDelegate.h */,
				D9E870CD18E9F85B00CF64F7 /* DLAAppDelegate.m */,
				04BC9B3B18F3377800E1A12D /* DLACoreDataStore.h */,
				04BC9B3C18F3377800E1A12D /* DLACoreDataStore.m */,
				D9E870D218E9F85B00CF64F7 /* Images.xcassets */,
				D9E870CF18E9F85B00CF64F7 /* DriveLA.xcdatamodeld */,
				04983EDA191AEF8B0050AB79 /* Driver.h */,
				04983EDB191AEF8B0050AB79 /* Driver.m */,
				0440F87E19084EB5002F6E33 /* Resources */,
				D9E870C418E9F85B00CF64F7 /* Supporting Files */,
			);
			path = DriveLA;
			sourceTree = "<group>";
		};
		D9E870C418E9F85B00CF64F7 /* Supporting Files */ = {
			isa = PBXGroup;
			children = (
				D9E870C518E9F85B00CF64F7 /* DriveLA-Info.plist */,
				D9E870C618E9F85B00CF64F7 /* InfoPlist.strings */,
				D9E870C918E9F85B00CF64F7 /* main.m */,
				D9E870CB18E9F85B00CF64F7 /* DriveLA-Prefix.pch */,
			);
			name = "Supporting Files";
			sourceTree = "<group>";
		};
		D9E870E018E9F85B00CF64F7 /* DriveLATests */ = {
			isa = PBXGroup;
			children = (
				D9E870E618E9F85B00CF64F7 /* DriveLATests.m */,
				D9E870E118E9F85B00CF64F7 /* Supporting Files */,
			);
			path = DriveLATests;
			sourceTree = "<group>";
		};
		D9E870E118E9F85B00CF64F7 /* Supporting Files */ = {
			isa = PBXGroup;
			children = (
				D9E870E218E9F85B00CF64F7 /* DriveLATests-Info.plist */,
				D9E870E318E9F85B00CF64F7 /* InfoPlist.strings */,
			);
			name = "Supporting Files";
			sourceTree = "<group>";
		};
/* End PBXGroup section */

/* Begin PBXNativeTarget section */
		D9E870B718E9F85A00CF64F7 /* DriveLA */ = {
			isa = PBXNativeTarget;
			buildConfigurationList = D9E870EA18E9F85B00CF64F7 /* Build configuration list for PBXNativeTarget "DriveLA" */;
			buildPhases = (
				D9E870B418E9F85A00CF64F7 /* Sources */,
				D9E870B518E9F85A00CF64F7 /* Frameworks */,
				D9E870B618E9F85A00CF64F7 /* Resources */,
			);
			buildRules = (
			);
			dependencies = (
			);
			name = DriveLA;
			productName = DriveLA;
			productReference = D9E870B818E9F85A00CF64F7 /* DriveLA.app */;
			productType = "com.apple.product-type.application";
		};
		D9E870D718E9F85B00CF64F7 /* DriveLATests */ = {
			isa = PBXNativeTarget;
			buildConfigurationList = D9E870ED18E9F85B00CF64F7 /* Build configuration list for PBXNativeTarget "DriveLATests" */;
			buildPhases = (
				D9E870D418E9F85B00CF64F7 /* Sources */,
				D9E870D518E9F85B00CF64F7 /* Frameworks */,
				D9E870D618E9F85B00CF64F7 /* Resources */,
			);
			buildRules = (
			);
			dependencies = (
				D9E870DF18E9F85B00CF64F7 /* PBXTargetDependency */,
			);
			name = DriveLATests;
			productName = DriveLATests;
			productReference = D9E870D818E9F85B00CF64F7 /* DriveLATests.xctest */;
			productType = "com.apple.product-type.bundle.unit-test";
		};
/* End PBXNativeTarget section */

/* Begin PBXProject section */
		D9E870B018E9F85A00CF64F7 /* Project object */ = {
			isa = PBXProject;
			attributes = {
				CLASSPREFIX = DLA;
				LastUpgradeCheck = 0510;
				ORGANIZATIONNAME = USC;
				TargetAttributes = {
					D9E870D718E9F85B00CF64F7 = {
						TestTargetID = D9E870B718E9F85A00CF64F7;
					};
				};
			};
			buildConfigurationList = D9E870B318E9F85A00CF64F7 /* Build configuration list for PBXProject "DriveLA" */;
			compatibilityVersion = "Xcode 3.2";
			developmentRegion = English;
			hasScannedForEncodings = 0;
			knownRegions = (
				en,
			);
			mainGroup = D9E870AF18E9F85A00CF64F7;
			productRefGroup = D9E870B918E9F85A00CF64F7 /* Products */;
			projectDirPath = "";
			projectRoot = "";
			targets = (
				D9E870B718E9F85A00CF64F7 /* DriveLA */,
				D9E870D718E9F85B00CF64F7 /* DriveLATests */,
			);
		};
/* End PBXProject section */

/* Begin PBXResourcesBuildPhase section */
		D9E870B618E9F85A00CF64F7 /* Resources */ = {
			isa = PBXResourcesBuildPhase;
			buildActionMask = 2147483647;
			files = (
				299CE7CA18FBB2AA000BF61E /* lock.png in Resources */,
				299CE7CF18FBB2AA000BF61E /* step3.png in Resources */,
				299CE7D318FBB2AA000BF61E /* step3@2x.png in Resources */,
				299CE7CD18FBB2AA000BF61E /* step1.png in Resources */,
				299CE7CE18FBB2AA000BF61E /* step2.png in Resources */,
				D9E870F118E9FBD400CF64F7 /* Main.storyboard in Resources */,
				299CE7D018FBB2AA000BF61E /* cone@2x.png in Resources */,
				299CE7D718FBBB08000BF61E /* yogi@2x.png in Resources */,
				299CE7DC18FBCBAA000BF61E /* map.png in Resources */,
				299CE7D118FBB2AA000BF61E /* step1@2x.png in Resources */,
				299CE7D218FBB2AA000BF61E /* step2@2x.png in Resources */,
				299CE7E018FBCFB1000BF61E /* lines.png in Resources */,
				299CE7CC18FBB2AA000BF61E /* cone.png in Resources */,
				299CE7D918FBBB53000BF61E /* yogi.png in Resources */,
				299CE7CB18FBB2AA000BF61E /* lock@2x.png in Resources */,
				D9E870C818E9F85B00CF64F7 /* InfoPlist.strings in Resources */,
				D9E870D318E9F85B00CF64F7 /* Images.xcassets in Resources */,
				299CE7E118FBCFB1000BF61E /* lines@2x.png in Resources */,
				299CE7DD18FBCBAA000BF61E /* map@2x.png in Resources */,
				0440F88819085746002F6E33 /* CSNotificationView.xcassets in Resources */,
			);
			runOnlyForDeploymentPostprocessing = 0;
		};
		D9E870D618E9F85B00CF64F7 /* Resources */ = {
			isa = PBXResourcesBuildPhase;
			buildActionMask = 2147483647;
			files = (
				D9E870E518E9F85B00CF64F7 /* InfoPlist.strings in Resources */,
			);
			runOnlyForDeploymentPostprocessing = 0;
		};
/* End PBXResourcesBuildPhase section */

/* Begin PBXSourcesBuildPhase section */
		D9E870B418E9F85A00CF64F7 /* Sources */ = {
			isa = PBXSourcesBuildPhase;
			buildActionMask = 2147483647;
			files = (
				0440F87D18FE4124002F6E33 /* DLALicensePlateViewController.m in Sources */,
				04295FF218F63396005122CC /* DLANameInputViewController.m in Sources */,
				D9E870CE18E9F85B00CF64F7 /* DLAAppDelegate.m in Sources */,
				0440F87718FE4094002F6E33 /* DLAVehicleYearViewController.m in Sources */,
				0440F85518FCE3E2002F6E33 /* DLALicenseNumberViewController.m in Sources */,
				D90DAFB218FF15F600EEC52A /* DLAAccidentFlowViewController.m in Sources */,
				0440F87418FE4037002F6E33 /* DLAVehicleModelViewController.m in Sources */,
				04BC9B3D18F3377800E1A12D /* DLACoreDataStore.m in Sources */,
				0440F87A18FE40F6002F6E33 /* DLAVehicleColorViewController.m in Sources */,
				0440F88719085746002F6E33 /* CSNotificationView.m in Sources */,
				0440F86818FE3C5C002F6E33 /* DLAVehicleViewController.m in Sources */,
				0440F87118FE3FAF002F6E33 /* DLAVehicleMakeViewController.m in Sources */,
				D9E870CA18E9F85B00CF64F7 /* main.m in Sources */,
				04983ED619199F430050AB79 /* Accident.m in Sources */,
				04295FF518F6673D005122CC /* DLAPhoneInputViewController.m in Sources */,
				0406227918ECABC600FA411C /* DLADriversLicenseViewController.m in Sources */,
				04983EDC191AEF8B0050AB79 /* Driver.m in Sources */,
				0469CC6318F67A8E008B9691 /* DLAEmailInputViewController.m in Sources */,
				D9E870D118E9F85B00CF64F7 /* DriveLA.xcdatamodeld in Sources */,
				04DFE31E18EA063100F8D5B4 /* DLAHomeViewController.m in Sources */,
				0440F86418FE3BD5002F6E33 /* DLAInsuranceViewController.m in Sources */,
				0469CC6718F67E6D008B9691 /* DLAAddressInputViewController.m in Sources */,
				0440F85818FCE812002F6E33 /* DLAExpirationDateViewController.m in Sources */,
				0440F86B18FE3F05002F6E33 /* DLAInsurancePolicyViewController.m in Sources */,
				0440F86E18FE3F45002F6E33 /* DLAInsurancePhoneViewController.m in Sources */,
				0440F86118FE313F002F6E33 /* DLAInsuranceCompanyViewController.m in Sources */,
				04983ED9191AD9CB0050AB79 /* DLAAccidentInputViewController.m in Sources */,
			);
			runOnlyForDeploymentPostprocessing = 0;
		};
		D9E870D418E9F85B00CF64F7 /* Sources */ = {
			isa = PBXSourcesBuildPhase;
			buildActionMask = 2147483647;
			files = (
				D9E870E718E9F85B00CF64F7 /* DriveLATests.m in Sources */,
			);
			runOnlyForDeploymentPostprocessing = 0;
		};
/* End PBXSourcesBuildPhase section */

/* Begin PBXTargetDependency section */
		D9E870DF18E9F85B00CF64F7 /* PBXTargetDependency */ = {
			isa = PBXTargetDependency;
			target = D9E870B718E9F85A00CF64F7 /* DriveLA */;
			targetProxy = D9E870DE18E9F85B00CF64F7 /* PBXContainerItemProxy */;
		};
/* End PBXTargetDependency section */

/* Begin PBXVariantGroup section */
		D9E870C618E9F85B00CF64F7 /* InfoPlist.strings */ = {
			isa = PBXVariantGroup;
			children = (
				D9E870C718E9F85B00CF64F7 /* en */,
			);
			name = InfoPlist.strings;
			sourceTree = "<group>";
		};
		D9E870E318E9F85B00CF64F7 /* InfoPlist.strings */ = {
			isa = PBXVariantGroup;
			children = (
				D9E870E418E9F85B00CF64F7 /* en */,
			);
			name = InfoPlist.strings;
			sourceTree = "<group>";
		};
/* End PBXVariantGroup section */

/* Begin XCBuildConfiguration section */
		D9E870E818E9F85B00CF64F7 /* Debug */ = {
			isa = XCBuildConfiguration;
			buildSettings = {
				ALWAYS_SEARCH_USER_PATHS = NO;
				CLANG_CXX_LANGUAGE_STANDARD = "gnu++0x";
				CLANG_CXX_LIBRARY = "libc++";
				CLANG_ENABLE_MODULES = YES;
				CLANG_ENABLE_OBJC_ARC = YES;
				CLANG_WARN_BOOL_CONVERSION = YES;
				CLANG_WARN_CONSTANT_CONVERSION = YES;
				CLANG_WARN_DIRECT_OBJC_ISA_USAGE = YES_ERROR;
				CLANG_WARN_EMPTY_BODY = YES;
				CLANG_WARN_ENUM_CONVERSION = YES;
				CLANG_WARN_INT_CONVERSION = YES;
				CLANG_WARN_OBJC_ROOT_CLASS = YES_ERROR;
				CLANG_WARN__DUPLICATE_METHOD_MATCH = YES;
				"CODE_SIGN_IDENTITY[sdk=iphoneos*]" = "iPhone Developer";
				COPY_PHASE_STRIP = NO;
				GCC_C_LANGUAGE_STANDARD = gnu99;
				GCC_DYNAMIC_NO_PIC = NO;
				GCC_OPTIMIZATION_LEVEL = 0;
				GCC_PREPROCESSOR_DEFINITIONS = (
					"DEBUG=1",
					"$(inherited)",
				);
				GCC_SYMBOLS_PRIVATE_EXTERN = NO;
				GCC_WARN_64_TO_32_BIT_CONVERSION = YES;
				GCC_WARN_ABOUT_RETURN_TYPE = YES_ERROR;
				GCC_WARN_UNDECLARED_SELECTOR = YES;
				GCC_WARN_UNINITIALIZED_AUTOS = YES_AGGRESSIVE;
				GCC_WARN_UNUSED_FUNCTION = YES;
				GCC_WARN_UNUSED_VARIABLE = YES;
				IPHONEOS_DEPLOYMENT_TARGET = 7.1;
				ONLY_ACTIVE_ARCH = YES;
				SDKROOT = iphoneos;
			};
			name = Debug;
		};
		D9E870E918E9F85B00CF64F7 /* Release */ = {
			isa = XCBuildConfiguration;
			buildSettings = {
				ALWAYS_SEARCH_USER_PATHS = NO;
				CLANG_CXX_LANGUAGE_STANDARD = "gnu++0x";
				CLANG_CXX_LIBRARY = "libc++";
				CLANG_ENABLE_MODULES = YES;
				CLANG_ENABLE_OBJC_ARC = YES;
				CLANG_WARN_BOOL_CONVERSION = YES;
				CLANG_WARN_CONSTANT_CONVERSION = YES;
				CLANG_WARN_DIRECT_OBJC_ISA_USAGE = YES_ERROR;
				CLANG_WARN_EMPTY_BODY = YES;
				CLANG_WARN_ENUM_CONVERSION = YES;
				CLANG_WARN_INT_CONVERSION = YES;
				CLANG_WARN_OBJC_ROOT_CLASS = YES_ERROR;
				CLANG_WARN__DUPLICATE_METHOD_MATCH = YES;
				"CODE_SIGN_IDENTITY[sdk=iphoneos*]" = "iPhone Developer";
				COPY_PHASE_STRIP = YES;
				ENABLE_NS_ASSERTIONS = NO;
				GCC_C_LANGUAGE_STANDARD = gnu99;
				GCC_WARN_64_TO_32_BIT_CONVERSION = YES;
				GCC_WARN_ABOUT_RETURN_TYPE = YES_ERROR;
				GCC_WARN_UNDECLARED_SELECTOR = YES;
				GCC_WARN_UNINITIALIZED_AUTOS = YES_AGGRESSIVE;
				GCC_WARN_UNUSED_FUNCTION = YES;
				GCC_WARN_UNUSED_VARIABLE = YES;
				IPHONEOS_DEPLOYMENT_TARGET = 7.1;
				SDKROOT = iphoneos;
				VALIDATE_PRODUCT = YES;
			};
			name = Release;
		};
		D9E870EB18E9F85B00CF64F7 /* Debug */ = {
			isa = XCBuildConfiguration;
			buildSettings = {
				ASSETCATALOG_COMPILER_APPICON_NAME = AppIcon;
				ASSETCATALOG_COMPILER_LAUNCHIMAGE_NAME = LaunchImage;
				GCC_PRECOMPILE_PREFIX_HEADER = YES;
				GCC_PREFIX_HEADER = "DriveLA/DriveLA-Prefix.pch";
				INFOPLIST_FILE = "DriveLA/DriveLA-Info.plist";
				IPHONEOS_DEPLOYMENT_TARGET = 7.0;
				PRODUCT_NAME = "$(TARGET_NAME)";
				TARGETED_DEVICE_FAMILY = 1;
				WRAPPER_EXTENSION = app;
			};
			name = Debug;
		};
		D9E870EC18E9F85B00CF64F7 /* Release */ = {
			isa = XCBuildConfiguration;
			buildSettings = {
				ASSETCATALOG_COMPILER_APPICON_NAME = AppIcon;
				ASSETCATALOG_COMPILER_LAUNCHIMAGE_NAME = LaunchImage;
				GCC_PRECOMPILE_PREFIX_HEADER = YES;
				GCC_PREFIX_HEADER = "DriveLA/DriveLA-Prefix.pch";
				INFOPLIST_FILE = "DriveLA/DriveLA-Info.plist";
				IPHONEOS_DEPLOYMENT_TARGET = 7.0;
				PRODUCT_NAME = "$(TARGET_NAME)";
				TARGETED_DEVICE_FAMILY = 1;
				WRAPPER_EXTENSION = app;
			};
			name = Release;
		};
		D9E870EE18E9F85B00CF64F7 /* Debug */ = {
			isa = XCBuildConfiguration;
			buildSettings = {
				BUNDLE_LOADER = "$(BUILT_PRODUCTS_DIR)/DriveLA.app/DriveLA";
				FRAMEWORK_SEARCH_PATHS = (
					"$(SDKROOT)/Developer/Library/Frameworks",
					"$(inherited)",
					"$(DEVELOPER_FRAMEWORKS_DIR)",
				);
				GCC_PRECOMPILE_PREFIX_HEADER = YES;
				GCC_PREFIX_HEADER = "DriveLA/DriveLA-Prefix.pch";
				GCC_PREPROCESSOR_DEFINITIONS = (
					"DEBUG=1",
					"$(inherited)",
				);
				INFOPLIST_FILE = "DriveLATests/DriveLATests-Info.plist";
				PRODUCT_NAME = "$(TARGET_NAME)";
				TEST_HOST = "$(BUNDLE_LOADER)";
				WRAPPER_EXTENSION = xctest;
			};
			name = Debug;
		};
		D9E870EF18E9F85B00CF64F7 /* Release */ = {
			isa = XCBuildConfiguration;
			buildSettings = {
				BUNDLE_LOADER = "$(BUILT_PRODUCTS_DIR)/DriveLA.app/DriveLA";
				FRAMEWORK_SEARCH_PATHS = (
					"$(SDKROOT)/Developer/Library/Frameworks",
					"$(inherited)",
					"$(DEVELOPER_FRAMEWORKS_DIR)",
				);
				GCC_PRECOMPILE_PREFIX_HEADER = YES;
				GCC_PREFIX_HEADER = "DriveLA/DriveLA-Prefix.pch";
				INFOPLIST_FILE = "DriveLATests/DriveLATests-Info.plist";
				PRODUCT_NAME = "$(TARGET_NAME)";
				TEST_HOST = "$(BUNDLE_LOADER)";
				WRAPPER_EXTENSION = xctest;
			};
			name = Release;
		};
/* End XCBuildConfiguration section */

/* Begin XCConfigurationList section */
		D9E870B318E9F85A00CF64F7 /* Build configuration list for PBXProject "DriveLA" */ = {
			isa = XCConfigurationList;
			buildConfigurations = (
				D9E870E818E9F85B00CF64F7 /* Debug */,
				D9E870E918E9F85B00CF64F7 /* Release */,
			);
			defaultConfigurationIsVisible = 0;
			defaultConfigurationName = Release;
		};
		D9E870EA18E9F85B00CF64F7 /* Build configuration list for PBXNativeTarget "DriveLA" */ = {
			isa = XCConfigurationList;
			buildConfigurations = (
				D9E870EB18E9F85B00CF64F7 /* Debug */,
				D9E870EC18E9F85B00CF64F7 /* Release */,
			);
			defaultConfigurationIsVisible = 0;
			defaultConfigurationName = Release;
		};
		D9E870ED18E9F85B00CF64F7 /* Build configuration list for PBXNativeTarget "DriveLATests" */ = {
			isa = XCConfigurationList;
			buildConfigurations = (
				D9E870EE18E9F85B00CF64F7 /* Debug */,
				D9E870EF18E9F85B00CF64F7 /* Release */,
			);
			defaultConfigurationIsVisible = 0;
			defaultConfigurationName = Release;
		};
/* End XCConfigurationList section */

/* Begin XCVersionGroup section */
		D9E870CF18E9F85B00CF64F7 /* DriveLA.xcdatamodeld */ = {
			isa = XCVersionGroup;
			children = (
				04D7E6AC18F931EE00A6781E /* DriveLA 6.xcdatamodel */,
				0469CC5A18F67844008B9691 /* DriveLA 5.xcdatamodel */,
				04295FF918F66BF5005122CC /* DriveLA 4.xcdatamodel */,
				04295FE918F5E1F7005122CC /* DriveLA 3.xcdatamodel */,
				04BC9B3E18F33FB100E1A12D /* DriveLA 2.xcdatamodel */,
				D9E870D018E9F85B00CF64F7 /* DriveLA.xcdatamodel */,
			);
			currentVersion = 0469CC5A18F67844008B9691 /* DriveLA 5.xcdatamodel */;
			path = DriveLA.xcdatamodeld;
			sourceTree = "<group>";
			versionGroupType = wrapper.xcdatamodel;
		};
/* End XCVersionGroup section */
	};
	rootObject = D9E870B018E9F85A00CF64F7 /* Project object */;
}
